PODS:
  - AFNetworking (4.0.1):
    - AFNetworking/NSURLSession (= 4.0.1)
    - AFNetworking/Reachability (= 4.0.1)
    - AFNetworking/Security (= 4.0.1)
    - AFNetworking/Serialization (= 4.0.1)
    - AFNetworking/UIKit (= 4.0.1)
  - AFNetworking/NSURLSession (4.0.1):
    - AFNetworking/Reachability
    - AFNetworking/Security
    - AFNetworking/Serialization
  - AFNetworking/Reachability (4.0.1)
  - AFNetworking/Security (4.0.1)
  - AFNetworking/Serialization (4.0.1)
  - AFNetworking/UIKit (4.0.1):
    - AFNetworking/NSURLSession
  - grabData (0.1.2):
    - AFNetworking (~> 4.0)

DEPENDENCIES:
  - grabData

SPEC REPOS:
  https://github.com/CocoaPods/Specs.git:
    - AFNetworking
    - grabData

SPEC CHECKSUMS:
  AFNetworking: 7864c38297c79aaca1500c33288e429c3451fdce
  grabData: d92ffc2b654d8419193e1fc5154f71039c57449c

PODFILE CHECKSUM: c7d0748a593bfa27f366f91d064dd5377e65127d

COCOAPODS: 1.10.1
