PODS:
  - AFNetworking (4.0.1):
    - AFNetworking/NSURLSession (= 4.0.1)
    - AFNetworking/Reachability (= 4.0.1)
    - AFNetworking/Security (= 4.0.1)
    - AFNetworking/Serialization (= 4.0.1)
    - AFNetworking/UIKit (= 4.0.1)
  - AFNetworking/NSURLSession (4.0.1):
    - AFNetworking/Reachability
    - AFNetworking/Security
    - AFNetworking/Serialization
  - AFNetworking/Reachability (4.0.1)
  - AFNetworking/Security (4.0.1)
  - AFNetworking/Serialization (4.0.1)
  - AFNetworking/UIKit (4.0.1):
    - AFNetworking/NSURLSession
  - grabData (0.1.9):
    - AFNetworking

DEPENDENCIES:
  - grabData

SPEC REPOS:
  trunk:
    - AFNetworking
    - grabData

SPEC CHECKSUMS:
  AFNetworking: 7864c38297c79aaca1500c33288e429c3451fdce
  grabData: c7a7489f4f6d2afe16678fb9a90c9f029cd7dc8d

PODFILE CHECKSUM: 26e66ea7d22a1d3b19d156a8cb9f7d15106d7071

COCOAPODS: 1.10.1
